
Microsoft Visual Studio Solution File, Format Version 12.00
# Visual Studio 15
VisualStudioVersion = 15.0.27205.0
MinimumVisualStudioVersion = 10.0.40219.1
Project("{FAE04EC0-301F-11D3-BF4B-00C04F79EFBC}") = "geresquemateste", "geresquemateste\geresquemateste.csproj", "{328999FB-CF3A-41B3-9BFC-E342D89BF318}"
EndProject
Global
	GlobalSection(SolutionConfigurationPlatforms) = preSolution
		Debug|Any CPU = Debug|Any CPU
		Release|Any CPU = Release|Any CPU
	EndGlobalSection
	GlobalSection(ProjectConfigurationPlatforms) = postSolution
		{328999FB-CF3A-41B3-9BFC-E342D89BF318}.Debug|Any CPU.ActiveCfg = Debug|Any CPU
		{328999FB-CF3A-41B3-9BFC-E342D89BF318}.Debug|Any CPU.Build.0 = Debug|Any CPU
		{328999FB-CF3A-41B3-9BFC-E342D89BF318}.Release|Any CPU.ActiveCfg = Release|Any CPU
		{328999FB-CF3A-41B3-9BFC-E342D89BF318}.Release|Any CPU.Build.0 = Release|Any CPU
	EndGlobalSection
	GlobalSection(SolutionProperties) = preSolution
		HideSolutionNode = FALSE
	EndGlobalSection
	GlobalSection(ExtensibilityGlobals) = postSolution
		SolutionGuid = {18BD622D-9193-4A6F-AFB1-A3DB34EB7B79}
	EndGlobalSection
EndGlobal
